
Microsoft Visual Studio Solution File, Format Version 10.00
# Visual Studio 2008
Project("{FAE04EC0-301F-11D3-BF4B-00C04F79EFBC}") = "csharpsocketsclient", "csharpsocketsclient\csharpsocketsclient.csproj", "{156C9C21-16D6-4293-8649-DA733494F2B7}"
EndProject
Project("{FAE04EC0-301F-11D3-BF4B-00C04F79EFBC}") = "csharpsocketsserver", "csharpsocketsserver\csharpsocketsserver.csproj", "{C90E8F34-E2E4-4DFD-A4A0-95F79E9F6097}"
EndProject
Project("{FAE04EC0-301F-11D3-BF4B-00C04F79EFBC}") = "csharpsocketsglobals", "csharpsocketsglobals\csharpsocketsglobals.csproj", "{A035C5E1-545B-494E-902D-FE524548E2CB}"
EndProject
Global
	GlobalSection(SolutionConfigurationPlatforms) = preSolution
		Debug|Any CPU = Debug|Any CPU
		Release|Any CPU = Release|Any CPU
	EndGlobalSection
	GlobalSection(ProjectConfigurationPlatforms) = postSolution
		{156C9C21-16D6-4293-8649-DA733494F2B7}.Debug|Any CPU.ActiveCfg = Debug|Any CPU
		{156C9C21-16D6-4293-8649-DA733494F2B7}.Debug|Any CPU.Build.0 = Debug|Any CPU
		{156C9C21-16D6-4293-8649-DA733494F2B7}.Release|Any CPU.ActiveCfg = Release|Any CPU
		{156C9C21-16D6-4293-8649-DA733494F2B7}.Release|Any CPU.Build.0 = Release|Any CPU
		{C90E8F34-E2E4-4DFD-A4A0-95F79E9F6097}.Debug|Any CPU.ActiveCfg = Debug|Any CPU
		{C90E8F34-E2E4-4DFD-A4A0-95F79E9F6097}.Debug|Any CPU.Build.0 = Debug|Any CPU
		{C90E8F34-E2E4-4DFD-A4A0-95F79E9F6097}.Release|Any CPU.ActiveCfg = Release|Any CPU
		{C90E8F34-E2E4-4DFD-A4A0-95F79E9F6097}.Release|Any CPU.Build.0 = Release|Any CPU
		{A035C5E1-545B-494E-902D-FE524548E2CB}.Debug|Any CPU.ActiveCfg = Debug|Any CPU
		{A035C5E1-545B-494E-902D-FE524548E2CB}.Debug|Any CPU.Build.0 = Debug|Any CPU
		{A035C5E1-545B-494E-902D-FE524548E2CB}.Release|Any CPU.ActiveCfg = Release|Any CPU
		{A035C5E1-545B-494E-902D-FE524548E2CB}.Release|Any CPU.Build.0 = Release|Any CPU
	EndGlobalSection
	GlobalSection(SolutionProperties) = preSolution
		HideSolutionNode = FALSE
	EndGlobalSection
EndGlobal
